
Microsoft Visual Studio Solution File, Format Version 12.00
# Visual Studio 14
VisualStudioVersion = 14.0.25420.1
MinimumVisualStudioVersion = 10.0.40219.1
Project("{FAE04EC0-301F-11D3-BF4B-00C04F79EFBC}") = "Shape", "Shape\Shape.csproj", "{2ADC4287-5E37-4C19-AE3C-7A3B693F430F}"
EndProject
Project("{FAE04EC0-301F-11D3-BF4B-00C04F79EFBC}") = "Shape.UnitTests", "Shape.UnitTests\Shape.UnitTests.csproj", "{05862235-5941-4C01-981E-A43D22B99A10}"
EndProject
Global
	GlobalSection(SolutionConfigurationPlatforms) = preSolution
		Debug|Any CPU = Debug|Any CPU
		Release|Any CPU = Release|Any CPU
	EndGlobalSection
	GlobalSection(ProjectConfigurationPlatforms) = postSolution
		{2ADC4287-5E37-4C19-AE3C-7A3B693F430F}.Debug|Any CPU.ActiveCfg = Debug|Any CPU
		{2ADC4287-5E37-4C19-AE3C-7A3B693F430F}.Debug|Any CPU.Build.0 = Debug|Any CPU
		{2ADC4287-5E37-4C19-AE3C-7A3B693F430F}.Release|Any CPU.ActiveCfg = Release|Any CPU
		{2ADC4287-5E37-4C19-AE3C-7A3B693F430F}.Release|Any CPU.Build.0 = Release|Any CPU
		{05862235-5941-4C01-981E-A43D22B99A10}.Debug|Any CPU.ActiveCfg = Debug|Any CPU
		{05862235-5941-4C01-981E-A43D22B99A10}.Debug|Any CPU.Build.0 = Debug|Any CPU
		{05862235-5941-4C01-981E-A43D22B99A10}.Release|Any CPU.ActiveCfg = Release|Any CPU
		{05862235-5941-4C01-981E-A43D22B99A10}.Release|Any CPU.Build.0 = Release|Any CPU
	EndGlobalSection
	GlobalSection(SolutionProperties) = preSolution
		HideSolutionNode = FALSE
	EndGlobalSection
EndGlobal
