
Microsoft Visual Studio Solution File, Format Version 12.00
# Visual Studio 14
VisualStudioVersion = 14.0.25420.1
MinimumVisualStudioVersion = 10.0.40219.1
Project("{FAE04EC0-301F-11D3-BF4B-00C04F79EFBC}") = "Homework4", "Homework4\Homework4.csproj", "{23DBE464-9FD9-4E61-919F-AD35206123C6}"
EndProject
Project("{FAE04EC0-301F-11D3-BF4B-00C04F79EFBC}") = "Homework4_b", "Homework4_b\Homework4_b.csproj", "{53880C2E-4B11-447E-9F86-059FE68E27CB}"
EndProject
Global
	GlobalSection(SolutionConfigurationPlatforms) = preSolution
		Debug|Any CPU = Debug|Any CPU
		Release|Any CPU = Release|Any CPU
	EndGlobalSection
	GlobalSection(ProjectConfigurationPlatforms) = postSolution
		{23DBE464-9FD9-4E61-919F-AD35206123C6}.Debug|Any CPU.ActiveCfg = Debug|Any CPU
		{23DBE464-9FD9-4E61-919F-AD35206123C6}.Debug|Any CPU.Build.0 = Debug|Any CPU
		{23DBE464-9FD9-4E61-919F-AD35206123C6}.Release|Any CPU.ActiveCfg = Release|Any CPU
		{23DBE464-9FD9-4E61-919F-AD35206123C6}.Release|Any CPU.Build.0 = Release|Any CPU
		{53880C2E-4B11-447E-9F86-059FE68E27CB}.Debug|Any CPU.ActiveCfg = Debug|Any CPU
		{53880C2E-4B11-447E-9F86-059FE68E27CB}.Debug|Any CPU.Build.0 = Debug|Any CPU
		{53880C2E-4B11-447E-9F86-059FE68E27CB}.Release|Any CPU.ActiveCfg = Release|Any CPU
		{53880C2E-4B11-447E-9F86-059FE68E27CB}.Release|Any CPU.Build.0 = Release|Any CPU
	EndGlobalSection
	GlobalSection(SolutionProperties) = preSolution
		HideSolutionNode = FALSE
	EndGlobalSection
EndGlobal
