
Microsoft Visual Studio Solution File, Format Version 12.00
# Visual Studio 2013
VisualStudioVersion = 12.0.21005.1
MinimumVisualStudioVersion = 10.0.40219.1
Project("{FAE04EC0-301F-11D3-BF4B-00C04F79EFBC}") = "HW4_1", "HW4_1\HW4_1.csproj", "{0C2B907C-0097-4086-96B3-FE7924A47514}"
EndProject
Global
	GlobalSection(SolutionConfigurationPlatforms) = preSolution
		Debug|Any CPU = Debug|Any CPU
		Release|Any CPU = Release|Any CPU
	EndGlobalSection
	GlobalSection(ProjectConfigurationPlatforms) = postSolution
		{0C2B907C-0097-4086-96B3-FE7924A47514}.Debug|Any CPU.ActiveCfg = Debug|Any CPU
		{0C2B907C-0097-4086-96B3-FE7924A47514}.Debug|Any CPU.Build.0 = Debug|Any CPU
		{0C2B907C-0097-4086-96B3-FE7924A47514}.Release|Any CPU.ActiveCfg = Release|Any CPU
		{0C2B907C-0097-4086-96B3-FE7924A47514}.Release|Any CPU.Build.0 = Release|Any CPU
	EndGlobalSection
	GlobalSection(SolutionProperties) = preSolution
		HideSolutionNode = FALSE
	EndGlobalSection
EndGlobal
