
Microsoft Visual Studio Solution File, Format Version 12.00
# Visual Studio 14
VisualStudioVersion = 14.0.25420.1
MinimumVisualStudioVersion = 10.0.40219.1
Project("{FAE04EC0-301F-11D3-BF4B-00C04F79EFBC}") = "Calc", "Calc\Calc.csproj", "{A818375B-DD13-485C-B119-12BED5AE6352}"
EndProject
Project("{FAE04EC0-301F-11D3-BF4B-00C04F79EFBC}") = "CalcTests", "CalcTests\CalcTests.csproj", "{9F3D2D77-2015-4D7D-8E49-A1CE323CE82D}"
EndProject
Project("{FAE04EC0-301F-11D3-BF4B-00C04F79EFBC}") = "Calc.UnitTests", "Calc.UnitTests\Calc.UnitTests.csproj", "{4CE4FF1D-4847-4CBE-9AC3-9EDAD6108D7E}"
EndProject
Project("{FAE04EC0-301F-11D3-BF4B-00C04F79EFBC}") = "UnitTestProjectTelerikFirst", "UnitTestProjectTelerikFirst\UnitTestProjectTelerikFirst.csproj", "{2116DDA1-E489-4725-871C-2BDA21CF4CF5}"
EndProject
Project("{FAE04EC0-301F-11D3-BF4B-00C04F79EFBC}") = "Wow", "Wow\Wow.csproj", "{4D64D864-8924-45B9-B15C-D72B2FCB6212}"
EndProject
Global
	GlobalSection(SolutionConfigurationPlatforms) = preSolution
		Debug|Any CPU = Debug|Any CPU
		Release|Any CPU = Release|Any CPU
	EndGlobalSection
	GlobalSection(ProjectConfigurationPlatforms) = postSolution
		{A818375B-DD13-485C-B119-12BED5AE6352}.Debug|Any CPU.ActiveCfg = Debug|Any CPU
		{A818375B-DD13-485C-B119-12BED5AE6352}.Debug|Any CPU.Build.0 = Debug|Any CPU
		{A818375B-DD13-485C-B119-12BED5AE6352}.Release|Any CPU.ActiveCfg = Release|Any CPU
		{A818375B-DD13-485C-B119-12BED5AE6352}.Release|Any CPU.Build.0 = Release|Any CPU
		{9F3D2D77-2015-4D7D-8E49-A1CE323CE82D}.Debug|Any CPU.ActiveCfg = Debug|Any CPU
		{9F3D2D77-2015-4D7D-8E49-A1CE323CE82D}.Debug|Any CPU.Build.0 = Debug|Any CPU
		{9F3D2D77-2015-4D7D-8E49-A1CE323CE82D}.Release|Any CPU.ActiveCfg = Release|Any CPU
		{9F3D2D77-2015-4D7D-8E49-A1CE323CE82D}.Release|Any CPU.Build.0 = Release|Any CPU
		{4CE4FF1D-4847-4CBE-9AC3-9EDAD6108D7E}.Debug|Any CPU.ActiveCfg = Debug|Any CPU
		{4CE4FF1D-4847-4CBE-9AC3-9EDAD6108D7E}.Debug|Any CPU.Build.0 = Debug|Any CPU
		{4CE4FF1D-4847-4CBE-9AC3-9EDAD6108D7E}.Release|Any CPU.ActiveCfg = Release|Any CPU
		{4CE4FF1D-4847-4CBE-9AC3-9EDAD6108D7E}.Release|Any CPU.Build.0 = Release|Any CPU
		{2116DDA1-E489-4725-871C-2BDA21CF4CF5}.Debug|Any CPU.ActiveCfg = Debug|Any CPU
		{2116DDA1-E489-4725-871C-2BDA21CF4CF5}.Debug|Any CPU.Build.0 = Debug|Any CPU
		{2116DDA1-E489-4725-871C-2BDA21CF4CF5}.Release|Any CPU.ActiveCfg = Release|Any CPU
		{2116DDA1-E489-4725-871C-2BDA21CF4CF5}.Release|Any CPU.Build.0 = Release|Any CPU
		{4D64D864-8924-45B9-B15C-D72B2FCB6212}.Debug|Any CPU.ActiveCfg = Debug|Any CPU
		{4D64D864-8924-45B9-B15C-D72B2FCB6212}.Debug|Any CPU.Build.0 = Debug|Any CPU
		{4D64D864-8924-45B9-B15C-D72B2FCB6212}.Release|Any CPU.ActiveCfg = Release|Any CPU
		{4D64D864-8924-45B9-B15C-D72B2FCB6212}.Release|Any CPU.Build.0 = Release|Any CPU
	EndGlobalSection
	GlobalSection(SolutionProperties) = preSolution
		HideSolutionNode = FALSE
	EndGlobalSection
EndGlobal
