
Microsoft Visual Studio Solution File, Format Version 12.00
# Visual Studio 14
VisualStudioVersion = 14.0.25420.1
MinimumVisualStudioVersion = 10.0.40219.1
Project("{FAE04EC0-301F-11D3-BF4B-00C04F79EFBC}") = "ComplexTaskAboutShape", "ComplexTaskAboutShape\ComplexTaskAboutShape.csproj", "{7E925C4A-03BC-4182-B7A4-6B152C237D7D}"
EndProject
Project("{FAE04EC0-301F-11D3-BF4B-00C04F79EFBC}") = "ComplexTaskAboutShape.UnitTests", "ComplexTaskAboutShape.UnitTests\ComplexTaskAboutShape.UnitTests.csproj", "{EB5CB46A-4AAB-465B-9708-62BFCA4689A9}"
EndProject
Global
	GlobalSection(SolutionConfigurationPlatforms) = preSolution
		Debug|Any CPU = Debug|Any CPU
		Release|Any CPU = Release|Any CPU
	EndGlobalSection
	GlobalSection(ProjectConfigurationPlatforms) = postSolution
		{7E925C4A-03BC-4182-B7A4-6B152C237D7D}.Debug|Any CPU.ActiveCfg = Debug|Any CPU
		{7E925C4A-03BC-4182-B7A4-6B152C237D7D}.Debug|Any CPU.Build.0 = Debug|Any CPU
		{7E925C4A-03BC-4182-B7A4-6B152C237D7D}.Release|Any CPU.ActiveCfg = Release|Any CPU
		{7E925C4A-03BC-4182-B7A4-6B152C237D7D}.Release|Any CPU.Build.0 = Release|Any CPU
		{EB5CB46A-4AAB-465B-9708-62BFCA4689A9}.Debug|Any CPU.ActiveCfg = Debug|Any CPU
		{EB5CB46A-4AAB-465B-9708-62BFCA4689A9}.Debug|Any CPU.Build.0 = Debug|Any CPU
		{EB5CB46A-4AAB-465B-9708-62BFCA4689A9}.Release|Any CPU.ActiveCfg = Release|Any CPU
		{EB5CB46A-4AAB-465B-9708-62BFCA4689A9}.Release|Any CPU.Build.0 = Release|Any CPU
	EndGlobalSection
	GlobalSection(SolutionProperties) = preSolution
		HideSolutionNode = FALSE
	EndGlobalSection
EndGlobal
