
Microsoft Visual Studio Solution File, Format Version 12.00
# Visual Studio 14
VisualStudioVersion = 14.0.25420.1
MinimumVisualStudioVersion = 10.0.40219.1
Project("{FAE04EC0-301F-11D3-BF4B-00C04F79EFBC}") = "Task_C", "Task_C.csproj", "{DC54B026-C954-47ED-8525-DA473BA8BCBE}"
EndProject
Project("{FAE04EC0-301F-11D3-BF4B-00C04F79EFBC}") = "Task_C.Tests", "..\Task_C.Tests\Task_C.Tests.csproj", "{01AF1AAE-1C1B-4557-B5BA-044A589A963F}"
EndProject
Global
	GlobalSection(SolutionConfigurationPlatforms) = preSolution
		Debug|Any CPU = Debug|Any CPU
		Release|Any CPU = Release|Any CPU
	EndGlobalSection
	GlobalSection(ProjectConfigurationPlatforms) = postSolution
		{DC54B026-C954-47ED-8525-DA473BA8BCBE}.Debug|Any CPU.ActiveCfg = Debug|Any CPU
		{DC54B026-C954-47ED-8525-DA473BA8BCBE}.Debug|Any CPU.Build.0 = Debug|Any CPU
		{DC54B026-C954-47ED-8525-DA473BA8BCBE}.Release|Any CPU.ActiveCfg = Release|Any CPU
		{DC54B026-C954-47ED-8525-DA473BA8BCBE}.Release|Any CPU.Build.0 = Release|Any CPU
		{01AF1AAE-1C1B-4557-B5BA-044A589A963F}.Debug|Any CPU.ActiveCfg = Debug|Any CPU
		{01AF1AAE-1C1B-4557-B5BA-044A589A963F}.Debug|Any CPU.Build.0 = Debug|Any CPU
		{01AF1AAE-1C1B-4557-B5BA-044A589A963F}.Release|Any CPU.ActiveCfg = Release|Any CPU
		{01AF1AAE-1C1B-4557-B5BA-044A589A963F}.Release|Any CPU.Build.0 = Release|Any CPU
	EndGlobalSection
	GlobalSection(SolutionProperties) = preSolution
		HideSolutionNode = FALSE
	EndGlobalSection
EndGlobal
