
Microsoft Visual Studio Solution File, Format Version 12.00
# Visual Studio 14
VisualStudioVersion = 14.0.25420.1
MinimumVisualStudioVersion = 10.0.40219.1
Project("{FAE04EC0-301F-11D3-BF4B-00C04F79EFBC}") = "DeveloperTask", "DeveloperTask\DeveloperTask.csproj", "{9890DD28-1794-41C2-8630-5AEF31D0BDA8}"
EndProject
Global
	GlobalSection(SolutionConfigurationPlatforms) = preSolution
		Debug|Any CPU = Debug|Any CPU
		Release|Any CPU = Release|Any CPU
	EndGlobalSection
	GlobalSection(ProjectConfigurationPlatforms) = postSolution
		{9890DD28-1794-41C2-8630-5AEF31D0BDA8}.Debug|Any CPU.ActiveCfg = Debug|Any CPU
		{9890DD28-1794-41C2-8630-5AEF31D0BDA8}.Debug|Any CPU.Build.0 = Debug|Any CPU
		{9890DD28-1794-41C2-8630-5AEF31D0BDA8}.Release|Any CPU.ActiveCfg = Release|Any CPU
		{9890DD28-1794-41C2-8630-5AEF31D0BDA8}.Release|Any CPU.Build.0 = Release|Any CPU
	EndGlobalSection
	GlobalSection(SolutionProperties) = preSolution
		HideSolutionNode = FALSE
	EndGlobalSection
EndGlobal
