
Microsoft Visual Studio Solution File, Format Version 12.00
# Visual Studio 14
VisualStudioVersion = 14.0.25420.1
MinimumVisualStudioVersion = 10.0.40219.1
Project("{FAE04EC0-301F-11D3-BF4B-00C04F79EFBC}") = "HW_2_1", "HomeWorkTwo\HW_2_1.csproj", "{575BE560-FC25-45CA-97AF-6460E195D0BB}"
EndProject
Project("{FAE04EC0-301F-11D3-BF4B-00C04F79EFBC}") = "HW_2_2", "HW_2_2\HW_2_2.csproj", "{713622F3-ADB9-4896-B634-6863CB587D83}"
EndProject
Project("{FAE04EC0-301F-11D3-BF4B-00C04F79EFBC}") = "HW_2_3", "HW_2_3\HW_2_3.csproj", "{438CC05D-0A29-42E0-ACF8-4D8871369531}"
EndProject
Project("{FAE04EC0-301F-11D3-BF4B-00C04F79EFBC}") = "HW_2_4", "HW_2_4\HW_2_4.csproj", "{68278F9F-2C16-44C3-BF5A-420E564A7F20}"
EndProject
Global
	GlobalSection(SolutionConfigurationPlatforms) = preSolution
		Debug|Any CPU = Debug|Any CPU
		Release|Any CPU = Release|Any CPU
	EndGlobalSection
	GlobalSection(ProjectConfigurationPlatforms) = postSolution
		{575BE560-FC25-45CA-97AF-6460E195D0BB}.Debug|Any CPU.ActiveCfg = Debug|Any CPU
		{575BE560-FC25-45CA-97AF-6460E195D0BB}.Debug|Any CPU.Build.0 = Debug|Any CPU
		{575BE560-FC25-45CA-97AF-6460E195D0BB}.Release|Any CPU.ActiveCfg = Release|Any CPU
		{575BE560-FC25-45CA-97AF-6460E195D0BB}.Release|Any CPU.Build.0 = Release|Any CPU
		{713622F3-ADB9-4896-B634-6863CB587D83}.Debug|Any CPU.ActiveCfg = Debug|Any CPU
		{713622F3-ADB9-4896-B634-6863CB587D83}.Debug|Any CPU.Build.0 = Debug|Any CPU
		{713622F3-ADB9-4896-B634-6863CB587D83}.Release|Any CPU.ActiveCfg = Release|Any CPU
		{713622F3-ADB9-4896-B634-6863CB587D83}.Release|Any CPU.Build.0 = Release|Any CPU
		{438CC05D-0A29-42E0-ACF8-4D8871369531}.Debug|Any CPU.ActiveCfg = Debug|Any CPU
		{438CC05D-0A29-42E0-ACF8-4D8871369531}.Debug|Any CPU.Build.0 = Debug|Any CPU
		{438CC05D-0A29-42E0-ACF8-4D8871369531}.Release|Any CPU.ActiveCfg = Release|Any CPU
		{438CC05D-0A29-42E0-ACF8-4D8871369531}.Release|Any CPU.Build.0 = Release|Any CPU
		{68278F9F-2C16-44C3-BF5A-420E564A7F20}.Debug|Any CPU.ActiveCfg = Debug|Any CPU
		{68278F9F-2C16-44C3-BF5A-420E564A7F20}.Debug|Any CPU.Build.0 = Debug|Any CPU
		{68278F9F-2C16-44C3-BF5A-420E564A7F20}.Release|Any CPU.ActiveCfg = Release|Any CPU
		{68278F9F-2C16-44C3-BF5A-420E564A7F20}.Release|Any CPU.Build.0 = Release|Any CPU
	EndGlobalSection
	GlobalSection(SolutionProperties) = preSolution
		HideSolutionNode = FALSE
	EndGlobalSection
EndGlobal
