
Microsoft Visual Studio Solution File, Format Version 12.00
# Visual Studio 14
VisualStudioVersion = 14.0.25420.1
MinimumVisualStudioVersion = 10.0.40219.1
Project("{FAE04EC0-301F-11D3-BF4B-00C04F79EFBC}") = "SimpleOperations", "SimpleOperations\SimpleOperations.csproj", "{2164A939-A146-4FDA-BC24-EA889D0B4DB6}"
EndProject
Project("{FAE04EC0-301F-11D3-BF4B-00C04F79EFBC}") = "SimpleOperations.Test", "SimpleOperations.Test\SimpleOperations.Test.csproj", "{133929CC-754B-42AE-B232-1D2BC66152A0}"
EndProject
Global
	GlobalSection(SolutionConfigurationPlatforms) = preSolution
		Debug|Any CPU = Debug|Any CPU
		Release|Any CPU = Release|Any CPU
	EndGlobalSection
	GlobalSection(ProjectConfigurationPlatforms) = postSolution
		{2164A939-A146-4FDA-BC24-EA889D0B4DB6}.Debug|Any CPU.ActiveCfg = Debug|Any CPU
		{2164A939-A146-4FDA-BC24-EA889D0B4DB6}.Debug|Any CPU.Build.0 = Debug|Any CPU
		{2164A939-A146-4FDA-BC24-EA889D0B4DB6}.Release|Any CPU.ActiveCfg = Release|Any CPU
		{2164A939-A146-4FDA-BC24-EA889D0B4DB6}.Release|Any CPU.Build.0 = Release|Any CPU
		{133929CC-754B-42AE-B232-1D2BC66152A0}.Debug|Any CPU.ActiveCfg = Debug|Any CPU
		{133929CC-754B-42AE-B232-1D2BC66152A0}.Debug|Any CPU.Build.0 = Debug|Any CPU
		{133929CC-754B-42AE-B232-1D2BC66152A0}.Release|Any CPU.ActiveCfg = Release|Any CPU
		{133929CC-754B-42AE-B232-1D2BC66152A0}.Release|Any CPU.Build.0 = Release|Any CPU
	EndGlobalSection
	GlobalSection(SolutionProperties) = preSolution
		HideSolutionNode = FALSE
	EndGlobalSection
EndGlobal
