
Microsoft Visual Studio Solution File, Format Version 12.00
# Visual Studio 14
VisualStudioVersion = 14.0.25420.1
MinimumVisualStudioVersion = 10.0.40219.1
Project("{FAE04EC0-301F-11D3-BF4B-00C04F79EFBC}") = "LINQ", "LINQ\LINQ.csproj", "{168EAC6F-1CEF-455E-B2E3-98613FA5B65A}"
EndProject
Project("{FAE04EC0-301F-11D3-BF4B-00C04F79EFBC}") = "String", "String\String.csproj", "{1CDEDD07-468F-4AD3-AB21-37FFC1A47702}"
EndProject
Global
	GlobalSection(SolutionConfigurationPlatforms) = preSolution
		Debug|Any CPU = Debug|Any CPU
		Release|Any CPU = Release|Any CPU
	EndGlobalSection
	GlobalSection(ProjectConfigurationPlatforms) = postSolution
		{168EAC6F-1CEF-455E-B2E3-98613FA5B65A}.Debug|Any CPU.ActiveCfg = Debug|Any CPU
		{168EAC6F-1CEF-455E-B2E3-98613FA5B65A}.Debug|Any CPU.Build.0 = Debug|Any CPU
		{168EAC6F-1CEF-455E-B2E3-98613FA5B65A}.Release|Any CPU.ActiveCfg = Release|Any CPU
		{168EAC6F-1CEF-455E-B2E3-98613FA5B65A}.Release|Any CPU.Build.0 = Release|Any CPU
		{1CDEDD07-468F-4AD3-AB21-37FFC1A47702}.Debug|Any CPU.ActiveCfg = Debug|Any CPU
		{1CDEDD07-468F-4AD3-AB21-37FFC1A47702}.Debug|Any CPU.Build.0 = Debug|Any CPU
		{1CDEDD07-468F-4AD3-AB21-37FFC1A47702}.Release|Any CPU.ActiveCfg = Release|Any CPU
		{1CDEDD07-468F-4AD3-AB21-37FFC1A47702}.Release|Any CPU.Build.0 = Release|Any CPU
	EndGlobalSection
	GlobalSection(SolutionProperties) = preSolution
		HideSolutionNode = FALSE
	EndGlobalSection
EndGlobal
