
Microsoft Visual Studio Solution File, Format Version 12.00
# Visual Studio 14
VisualStudioVersion = 14.0.25420.1
MinimumVisualStudioVersion = 10.0.40219.1
Project("{FAE04EC0-301F-11D3-BF4B-00C04F79EFBC}") = "HW_3_1", "HomeWorkThree\HW_3_1.csproj", "{C0A7C725-B169-4384-AA2F-89A2F0110222}"
EndProject
Project("{FAE04EC0-301F-11D3-BF4B-00C04F79EFBC}") = "HW_3_2", "HW_3_2\HW_3_2.csproj", "{53B9889A-0F12-4398-8F0D-D635E46C468B}"
EndProject
Project("{FAE04EC0-301F-11D3-BF4B-00C04F79EFBC}") = "HW_3_3", "HW_3_3\HW_3_3.csproj", "{689158C6-1650-4A76-9122-130095647B4C}"
EndProject
Project("{FAE04EC0-301F-11D3-BF4B-00C04F79EFBC}") = "HW-3_2.Test", "HW-3_2.Test\HW-3_2.Test.csproj", "{1FC33EC2-7C75-48DC-89C8-C5AE025E0B81}"
EndProject
Global
	GlobalSection(SolutionConfigurationPlatforms) = preSolution
		Debug|Any CPU = Debug|Any CPU
		Release|Any CPU = Release|Any CPU
	EndGlobalSection
	GlobalSection(ProjectConfigurationPlatforms) = postSolution
		{C0A7C725-B169-4384-AA2F-89A2F0110222}.Debug|Any CPU.ActiveCfg = Debug|Any CPU
		{C0A7C725-B169-4384-AA2F-89A2F0110222}.Debug|Any CPU.Build.0 = Debug|Any CPU
		{C0A7C725-B169-4384-AA2F-89A2F0110222}.Release|Any CPU.ActiveCfg = Release|Any CPU
		{C0A7C725-B169-4384-AA2F-89A2F0110222}.Release|Any CPU.Build.0 = Release|Any CPU
		{53B9889A-0F12-4398-8F0D-D635E46C468B}.Debug|Any CPU.ActiveCfg = Debug|Any CPU
		{53B9889A-0F12-4398-8F0D-D635E46C468B}.Debug|Any CPU.Build.0 = Debug|Any CPU
		{53B9889A-0F12-4398-8F0D-D635E46C468B}.Release|Any CPU.ActiveCfg = Release|Any CPU
		{53B9889A-0F12-4398-8F0D-D635E46C468B}.Release|Any CPU.Build.0 = Release|Any CPU
		{689158C6-1650-4A76-9122-130095647B4C}.Debug|Any CPU.ActiveCfg = Debug|Any CPU
		{689158C6-1650-4A76-9122-130095647B4C}.Debug|Any CPU.Build.0 = Debug|Any CPU
		{689158C6-1650-4A76-9122-130095647B4C}.Release|Any CPU.ActiveCfg = Release|Any CPU
		{689158C6-1650-4A76-9122-130095647B4C}.Release|Any CPU.Build.0 = Release|Any CPU
		{1FC33EC2-7C75-48DC-89C8-C5AE025E0B81}.Debug|Any CPU.ActiveCfg = Debug|Any CPU
		{1FC33EC2-7C75-48DC-89C8-C5AE025E0B81}.Debug|Any CPU.Build.0 = Debug|Any CPU
		{1FC33EC2-7C75-48DC-89C8-C5AE025E0B81}.Release|Any CPU.ActiveCfg = Release|Any CPU
		{1FC33EC2-7C75-48DC-89C8-C5AE025E0B81}.Release|Any CPU.Build.0 = Release|Any CPU
	EndGlobalSection
	GlobalSection(SolutionProperties) = preSolution
		HideSolutionNode = FALSE
	EndGlobalSection
EndGlobal
